
Microsoft Visual Studio Solution File, Format Version 12.00
# Visual Studio Version 16
VisualStudioVersion = 16.0.30011.22
MinimumVisualStudioVersion = 10.0.40219.1
Project("{9A19103F-16F7-4668-BE54-9A1E7A4F7556}") = "BusinessService.Data", "BusinessService.Data\BusinessService.Data.csproj", "{FB5431DC-2BE3-4792-AC37-64769397F129}"
EndProject
Project("{9A19103F-16F7-4668-BE54-9A1E7A4F7556}") = "BusinessService.Api", "BusinessService.Api\BusinessService.Api.csproj", "{A1C99521-AC4A-4405-8524-60B80EFB68C4}"
EndProject
Project("{9A19103F-16F7-4668-BE54-9A1E7A4F7556}") = "BusinessService.Domain", "BusinessService.Domain\BusinessService.Domain.csproj", "{D8C10450-BCF2-476A-94F2-C6223432AA5C}"
EndProject
Project("{9A19103F-16F7-4668-BE54-9A1E7A4F7556}") = "BusinessService.Services", "BusinessService.Services\BusinessService.Services.csproj", "{5FDC7BF1-26B3-4CF0-B8C3-7C9CA4EE0BD6}"
EndProject
Global
	GlobalSection(SolutionConfigurationPlatforms) = preSolution
		Debug|Any CPU = Debug|Any CPU
		Release|Any CPU = Release|Any CPU
	EndGlobalSection
	GlobalSection(ProjectConfigurationPlatforms) = postSolution
		{FB5431DC-2BE3-4792-AC37-64769397F129}.Debug|Any CPU.ActiveCfg = Debug|Any CPU
		{FB5431DC-2BE3-4792-AC37-64769397F129}.Debug|Any CPU.Build.0 = Debug|Any CPU
		{FB5431DC-2BE3-4792-AC37-64769397F129}.Release|Any CPU.ActiveCfg = Release|Any CPU
		{FB5431DC-2BE3-4792-AC37-64769397F129}.Release|Any CPU.Build.0 = Release|Any CPU
		{A1C99521-AC4A-4405-8524-60B80EFB68C4}.Debug|Any CPU.ActiveCfg = Debug|Any CPU
		{A1C99521-AC4A-4405-8524-60B80EFB68C4}.Debug|Any CPU.Build.0 = Debug|Any CPU
		{A1C99521-AC4A-4405-8524-60B80EFB68C4}.Release|Any CPU.ActiveCfg = Release|Any CPU
		{A1C99521-AC4A-4405-8524-60B80EFB68C4}.Release|Any CPU.Build.0 = Release|Any CPU
		{D8C10450-BCF2-476A-94F2-C6223432AA5C}.Debug|Any CPU.ActiveCfg = Debug|Any CPU
		{D8C10450-BCF2-476A-94F2-C6223432AA5C}.Debug|Any CPU.Build.0 = Debug|Any CPU
		{D8C10450-BCF2-476A-94F2-C6223432AA5C}.Release|Any CPU.ActiveCfg = Release|Any CPU
		{D8C10450-BCF2-476A-94F2-C6223432AA5C}.Release|Any CPU.Build.0 = Release|Any CPU
		{5FDC7BF1-26B3-4CF0-B8C3-7C9CA4EE0BD6}.Debug|Any CPU.ActiveCfg = Debug|Any CPU
		{5FDC7BF1-26B3-4CF0-B8C3-7C9CA4EE0BD6}.Debug|Any CPU.Build.0 = Debug|Any CPU
		{5FDC7BF1-26B3-4CF0-B8C3-7C9CA4EE0BD6}.Release|Any CPU.ActiveCfg = Release|Any CPU
		{5FDC7BF1-26B3-4CF0-B8C3-7C9CA4EE0BD6}.Release|Any CPU.Build.0 = Release|Any CPU
	EndGlobalSection
	GlobalSection(SolutionProperties) = preSolution
		HideSolutionNode = FALSE
	EndGlobalSection
	GlobalSection(ExtensibilityGlobals) = postSolution
		SolutionGuid = {DC5358B1-56D9-4F90-A4F9-084FECD6CA49}
	EndGlobalSection
EndGlobal
